
Microsoft Visual Studio Solution File, Format Version 12.00
# Visual Studio Version 17
VisualStudioVersion = 17.0.32014.148
MinimumVisualStudioVersion = 10.0.40219.1
Project("{FAE04EC0-301F-11D3-BF4B-00C04F79EFBC}") = "LaboratorEGC-S2", "LaboratorEGC\LaboratorEGC-S2.csproj", "{64229E4B-603A-4234-9E5A-79D25A4B4DFD}"
EndProject
Project("{FAE04EC0-301F-11D3-BF4B-00C04F79EFBC}") = "Niculica_Bogdan_3132b_Lab3", "Niculica_Bogdan_3132b_Lab3\Niculica_Bogdan_3132b_Lab3.csproj", "{FE2AC444-0E2F-4596-8867-56D545EF6EFA}"
EndProject
Project("{FAE04EC0-301F-11D3-BF4B-00C04F79EFBC}") = "Niculica_Bogdan_3132b_Lab4", "Niculica_Bogdan_3132b_Lab4\Niculica_Bogdan_3132b_Lab4.csproj", "{B6661687-ACE3-4398-894D-1EA40E241BB9}"
EndProject
Project("{FAE04EC0-301F-11D3-BF4B-00C04F79EFBC}") = "Niculica_Bogdan_3132b_Lab5", "Niculica_Bogdan_3132b_Lab5\Niculica_Bogdan_3132b_Lab5.csproj", "{AA3F7771-43D8-44C5-AE3A-6F6232A09EC5}"
EndProject
Project("{FAE04EC0-301F-11D3-BF4B-00C04F79EFBC}") = "Niculica_Bogdan_3132b_Laborator8", "Niculica_Bogdan_3132b_Lab8\OpenTK_winforms_z02\Niculica_Bogdan_3132b_Laborator8.csproj", "{540F1C1E-8718-463A-A881-8DD1B93891A9}"
EndProject
Global
	GlobalSection(SolutionConfigurationPlatforms) = preSolution
		Debug|Any CPU = Debug|Any CPU
		Release|Any CPU = Release|Any CPU
	EndGlobalSection
	GlobalSection(ProjectConfigurationPlatforms) = postSolution
		{64229E4B-603A-4234-9E5A-79D25A4B4DFD}.Debug|Any CPU.ActiveCfg = Debug|Any CPU
		{64229E4B-603A-4234-9E5A-79D25A4B4DFD}.Debug|Any CPU.Build.0 = Debug|Any CPU
		{64229E4B-603A-4234-9E5A-79D25A4B4DFD}.Release|Any CPU.ActiveCfg = Release|Any CPU
		{64229E4B-603A-4234-9E5A-79D25A4B4DFD}.Release|Any CPU.Build.0 = Release|Any CPU
		{FE2AC444-0E2F-4596-8867-56D545EF6EFA}.Debug|Any CPU.ActiveCfg = Debug|Any CPU
		{FE2AC444-0E2F-4596-8867-56D545EF6EFA}.Debug|Any CPU.Build.0 = Debug|Any CPU
		{FE2AC444-0E2F-4596-8867-56D545EF6EFA}.Release|Any CPU.ActiveCfg = Release|Any CPU
		{FE2AC444-0E2F-4596-8867-56D545EF6EFA}.Release|Any CPU.Build.0 = Release|Any CPU
		{B6661687-ACE3-4398-894D-1EA40E241BB9}.Debug|Any CPU.ActiveCfg = Debug|Any CPU
		{B6661687-ACE3-4398-894D-1EA40E241BB9}.Debug|Any CPU.Build.0 = Debug|Any CPU
		{B6661687-ACE3-4398-894D-1EA40E241BB9}.Release|Any CPU.ActiveCfg = Release|Any CPU
		{B6661687-ACE3-4398-894D-1EA40E241BB9}.Release|Any CPU.Build.0 = Release|Any CPU
		{AA3F7771-43D8-44C5-AE3A-6F6232A09EC5}.Debug|Any CPU.ActiveCfg = Debug|Any CPU
		{AA3F7771-43D8-44C5-AE3A-6F6232A09EC5}.Debug|Any CPU.Build.0 = Debug|Any CPU
		{AA3F7771-43D8-44C5-AE3A-6F6232A09EC5}.Release|Any CPU.ActiveCfg = Release|Any CPU
		{AA3F7771-43D8-44C5-AE3A-6F6232A09EC5}.Release|Any CPU.Build.0 = Release|Any CPU
		{540F1C1E-8718-463A-A881-8DD1B93891A9}.Debug|Any CPU.ActiveCfg = Debug|Any CPU
		{540F1C1E-8718-463A-A881-8DD1B93891A9}.Debug|Any CPU.Build.0 = Debug|Any CPU
		{540F1C1E-8718-463A-A881-8DD1B93891A9}.Release|Any CPU.ActiveCfg = Release|Any CPU
		{540F1C1E-8718-463A-A881-8DD1B93891A9}.Release|Any CPU.Build.0 = Release|Any CPU
	EndGlobalSection
	GlobalSection(SolutionProperties) = preSolution
		HideSolutionNode = FALSE
	EndGlobalSection
	GlobalSection(ExtensibilityGlobals) = postSolution
		SolutionGuid = {2E962852-8F1D-4C66-800F-FBE6329DD045}
	EndGlobalSection
EndGlobal
